
Microsoft Visual Studio Solution File, Format Version 12.00
# Visual Studio Version 16
VisualStudioVersion = 16.0.29519.87
MinimumVisualStudioVersion = 10.0.40219.1
Project("{9A19103F-16F7-4668-BE54-9A1E7A4F7556}") = "VCEL.Core", "VCEL.Core\VCEL.Core.csproj", "{2BE7AB03-7B94-45CB-8BA5-7D4F3E1663D3}"
EndProject
Project("{9A19103F-16F7-4668-BE54-9A1E7A4F7556}") = "VCEL.Test", "Tests\VCEL.Test\VCEL.Test.csproj", "{715AA5AD-7937-4636-9E1C-4AAF693027BF}"
EndProject
Project("{9A19103F-16F7-4668-BE54-9A1E7A4F7556}") = "Spel.Benchmark", "Tests\Spel.Benchmark\Spel.Benchmark.csproj", "{81FFC923-FD98-499D-9333-EC52131F3770}"
EndProject
Project("{9A19103F-16F7-4668-BE54-9A1E7A4F7556}") = "VCEL.Test.Shared", "Tests\VCEL.Test.Shared\VCEL.Test.Shared.csproj", "{21DAB256-45D1-4126-92D3-D45562E00424}"
EndProject
Project("{2150E333-8FDC-42A3-9474-1A3956D46DE8}") = "Tests", "Tests", "{BB3E104A-BB85-4926-A66D-BBFF48ED8019}"
EndProject
Project("{2150E333-8FDC-42A3-9474-1A3956D46DE8}") = "Solution Items", "Solution Items", "{97FF598D-7BB4-46A4-9B02-A9DB29ECF3A9}"
	ProjectSection(SolutionItems) = preProject
		.editorconfig = .editorconfig
	EndProjectSection
EndProject
Project("{9A19103F-16F7-4668-BE54-9A1E7A4F7556}") = "VCEL.JS", "VCEL.JS\VCEL.JS.csproj", "{7857DF10-9A38-43BC-90BF-DA165605854B}"
EndProject
Project("{9A19103F-16F7-4668-BE54-9A1E7A4F7556}") = "VCEL.Benchmark", "Tests\VCEL.Benchmark\VCEL.Benchmark.csproj", "{5AA60A1D-A896-4396-9EC4-A64A526E80D1}"
EndProject
Project("{FAE04EC0-301F-11D3-BF4B-00C04F79EFBC}") = "VCEL.Cli", "VCEL.Cli\VCEL.Cli.csproj", "{E8E9CF20-A326-41DB-BBA0-E269DDDCC38F}"
EndProject
Project("{FAE04EC0-301F-11D3-BF4B-00C04F79EFBC}") = "VCEL.CSharp", "VCEL.CSharp\VCEL.CSharp.csproj", "{4ADA41D1-A9D9-4BDF-A682-CB4BC91020B4}"
EndProject
Global
	GlobalSection(SolutionConfigurationPlatforms) = preSolution
		Debug|Any CPU = Debug|Any CPU
		Release|Any CPU = Release|Any CPU
	EndGlobalSection
	GlobalSection(ProjectConfigurationPlatforms) = postSolution
		{2BE7AB03-7B94-45CB-8BA5-7D4F3E1663D3}.Debug|Any CPU.ActiveCfg = Debug|Any CPU
		{2BE7AB03-7B94-45CB-8BA5-7D4F3E1663D3}.Debug|Any CPU.Build.0 = Debug|Any CPU
		{2BE7AB03-7B94-45CB-8BA5-7D4F3E1663D3}.Release|Any CPU.ActiveCfg = Release|Any CPU
		{2BE7AB03-7B94-45CB-8BA5-7D4F3E1663D3}.Release|Any CPU.Build.0 = Release|Any CPU
		{715AA5AD-7937-4636-9E1C-4AAF693027BF}.Debug|Any CPU.ActiveCfg = Debug|Any CPU
		{715AA5AD-7937-4636-9E1C-4AAF693027BF}.Debug|Any CPU.Build.0 = Debug|Any CPU
		{715AA5AD-7937-4636-9E1C-4AAF693027BF}.Release|Any CPU.ActiveCfg = Release|Any CPU
		{715AA5AD-7937-4636-9E1C-4AAF693027BF}.Release|Any CPU.Build.0 = Release|Any CPU
		{81FFC923-FD98-499D-9333-EC52131F3770}.Debug|Any CPU.ActiveCfg = Debug|Any CPU
		{81FFC923-FD98-499D-9333-EC52131F3770}.Debug|Any CPU.Build.0 = Debug|Any CPU
		{81FFC923-FD98-499D-9333-EC52131F3770}.Release|Any CPU.ActiveCfg = Release|Any CPU
		{81FFC923-FD98-499D-9333-EC52131F3770}.Release|Any CPU.Build.0 = Release|Any CPU
		{21DAB256-45D1-4126-92D3-D45562E00424}.Debug|Any CPU.ActiveCfg = Debug|Any CPU
		{21DAB256-45D1-4126-92D3-D45562E00424}.Debug|Any CPU.Build.0 = Debug|Any CPU
		{21DAB256-45D1-4126-92D3-D45562E00424}.Release|Any CPU.ActiveCfg = Release|Any CPU
		{21DAB256-45D1-4126-92D3-D45562E00424}.Release|Any CPU.Build.0 = Release|Any CPU
		{7857DF10-9A38-43BC-90BF-DA165605854B}.Debug|Any CPU.ActiveCfg = Debug|Any CPU
		{7857DF10-9A38-43BC-90BF-DA165605854B}.Debug|Any CPU.Build.0 = Debug|Any CPU
		{7857DF10-9A38-43BC-90BF-DA165605854B}.Release|Any CPU.ActiveCfg = Release|Any CPU
		{7857DF10-9A38-43BC-90BF-DA165605854B}.Release|Any CPU.Build.0 = Release|Any CPU
		{5AA60A1D-A896-4396-9EC4-A64A526E80D1}.Debug|Any CPU.ActiveCfg = Debug|Any CPU
		{5AA60A1D-A896-4396-9EC4-A64A526E80D1}.Debug|Any CPU.Build.0 = Debug|Any CPU
		{5AA60A1D-A896-4396-9EC4-A64A526E80D1}.Release|Any CPU.ActiveCfg = Release|Any CPU
		{5AA60A1D-A896-4396-9EC4-A64A526E80D1}.Release|Any CPU.Build.0 = Release|Any CPU
		{E8E9CF20-A326-41DB-BBA0-E269DDDCC38F}.Debug|Any CPU.ActiveCfg = Debug|Any CPU
		{E8E9CF20-A326-41DB-BBA0-E269DDDCC38F}.Debug|Any CPU.Build.0 = Debug|Any CPU
		{E8E9CF20-A326-41DB-BBA0-E269DDDCC38F}.Release|Any CPU.ActiveCfg = Release|Any CPU
		{E8E9CF20-A326-41DB-BBA0-E269DDDCC38F}.Release|Any CPU.Build.0 = Release|Any CPU
		{4ADA41D1-A9D9-4BDF-A682-CB4BC91020B4}.Debug|Any CPU.ActiveCfg = Debug|Any CPU
		{4ADA41D1-A9D9-4BDF-A682-CB4BC91020B4}.Debug|Any CPU.Build.0 = Debug|Any CPU
		{4ADA41D1-A9D9-4BDF-A682-CB4BC91020B4}.Release|Any CPU.ActiveCfg = Release|Any CPU
		{4ADA41D1-A9D9-4BDF-A682-CB4BC91020B4}.Release|Any CPU.Build.0 = Release|Any CPU
	EndGlobalSection
	GlobalSection(SolutionProperties) = preSolution
		HideSolutionNode = FALSE
	EndGlobalSection
	GlobalSection(NestedProjects) = preSolution
		{715AA5AD-7937-4636-9E1C-4AAF693027BF} = {BB3E104A-BB85-4926-A66D-BBFF48ED8019}
		{81FFC923-FD98-499D-9333-EC52131F3770} = {BB3E104A-BB85-4926-A66D-BBFF48ED8019}
		{21DAB256-45D1-4126-92D3-D45562E00424} = {BB3E104A-BB85-4926-A66D-BBFF48ED8019}
		{5AA60A1D-A896-4396-9EC4-A64A526E80D1} = {BB3E104A-BB85-4926-A66D-BBFF48ED8019}
	EndGlobalSection
	GlobalSection(ExtensibilityGlobals) = postSolution
		SolutionGuid = {B0559D3F-20BE-4911-A4BA-BC0CC4C30B68}
	EndGlobalSection
EndGlobal
